
Microsoft Visual Studio Solution File, Format Version 12.00
# Visual Studio Version 17
VisualStudioVersion = 17.1.32210.238
MinimumVisualStudioVersion = 10.0.40219.1
Project("{FAE04EC0-301F-11D3-BF4B-00C04F79EFBC}") = "homeWork8", "homeWork8.csproj", "{46816B60-6101-401B-8064-53001998CECF}"
EndProject
Global
	GlobalSection(SolutionConfigurationPlatforms) = preSolution
		Debug|Any CPU = Debug|Any CPU
		Release|Any CPU = Release|Any CPU
	EndGlobalSection
	GlobalSection(ProjectConfigurationPlatforms) = postSolution
		{46816B60-6101-401B-8064-53001998CECF}.Debug|Any CPU.ActiveCfg = Debug|Any CPU
		{46816B60-6101-401B-8064-53001998CECF}.Debug|Any CPU.Build.0 = Debug|Any CPU
		{46816B60-6101-401B-8064-53001998CECF}.Release|Any CPU.ActiveCfg = Release|Any CPU
		{46816B60-6101-401B-8064-53001998CECF}.Release|Any CPU.Build.0 = Release|Any CPU
	EndGlobalSection
	GlobalSection(SolutionProperties) = preSolution
		HideSolutionNode = FALSE
	EndGlobalSection
	GlobalSection(ExtensibilityGlobals) = postSolution
		SolutionGuid = {B781050A-2385-4C89-AE86-FF6E17247125}
	EndGlobalSection
EndGlobal
